// !$*UTF8*$!
{
	archiveVersion = 1;
	classes = {
	};
	objectVersion = 56;
	objects = {

/* Begin PBXBuildFile section */
		1F783AEF2B2FAD9D006D96DB /* AppDelegate.swift in Sources */ = {isa = PBXBuildFile; fileRef = 1F783AEE2B2FAD9D006D96DB /* AppDelegate.swift */; };
		1F783AF12B2FAD9D006D96DB /* SceneDelegate.swift in Sources */ = {isa = PBXBuildFile; fileRef = 1F783AF02B2FAD9D006D96DB /* SceneDelegate.swift */; };
		1F783AF32B2FAD9D006D96DB /* ViewController.swift in Sources */ = {isa = PBXBuildFile; fileRef = 1F783AF22B2FAD9D006D96DB /* ViewController.swift */; };
		1F783AF62B2FAD9D006D96DB /* Main.storyboard in Resources */ = {isa = PBXBuildFile; fileRef = 1F783AF42B2FAD9D006D96DB /* Main.storyboard */; };
		1F783AF92B2FAD9D006D96DB /* TodoList2.xcdatamodeld in Sources */ = {isa = PBXBuildFile; fileRef = 1F783AF72B2FAD9D006D96DB /* TodoList2.xcdatamodeld */; };
		1F783AFB2B2FADA0006D96DB /* Assets.xcassets in Resources */ = {isa = PBXBuildFile; fileRef = 1F783AFA2B2FADA0006D96DB /* Assets.xcassets */; };
		1F783AFE2B2FADA0006D96DB /* LaunchScreen.storyboard in Resources */ = {isa = PBXBuildFile; fileRef = 1F783AFC2B2FADA0006D96DB /* LaunchScreen.storyboard */; };
/* End PBXBuildFile section */

/* Begin PBXFileReference section */
		1F783AEB2B2FAD9D006D96DB /* TodoList2.app */ = {isa = PBXFileReference; explicitFileType = wrapper.application; includeInIndex = 0; path = TodoList2.app; sourceTree = BUILT_PRODUCTS_DIR; };
		1F783AEE2B2FAD9D006D96DB /* AppDelegate.swift */ = {isa = PBXFileReference; lastKnownFileType = sourcecode.swift; path = AppDelegate.swift; sourceTree = "<group>"; };
		1F783AF02B2FAD9D006D96DB /* SceneDelegate.swift */ = {isa = PBXFileReference; lastKnownFileType = sourcecode.swift; path = SceneDelegate.swift; sourceTree = "<group>"; };
		1F783AF22B2FAD9D006D96DB /* ViewController.swift */ = {isa = PBXFileReference; lastKnownFileType = sourcecode.swift; path = ViewController.swift; sourceTree = "<group>"; };
		1F783AF52B2FAD9D006D96DB /* Base */ = {isa = PBXFileReference; lastKnownFileType = file.storyboard; name = Base; path = Base.lproj/Main.storyboard; sourceTree = "<group>"; };
		1F783AF82B2FAD9D006D96DB /* TodoList2.xcdatamodel */ = {isa = PBXFileReference; lastKnownFileType = wrapper.xcdatamodel; path = TodoList2.xcdatamodel; sourceTree = "<group>"; };
		1F783AFA2B2FADA0006D96DB /* Assets.xcassets */ = {isa = PBXFileReference; lastKnownFileType = folder.assetcatalog; path = Assets.xcassets; sourceTree = "<group>"; };
		1F783AFD2B2FADA0006D96DB /* Base */ = {isa = PBXFileReference; lastKnownFileType = file.storyboard; name = Base; path = Base.lproj/LaunchScreen.storyboard; sourceTree = "<group>"; };
		1F783AFF2B2FADA0006D96DB /* Info.plist */ = {isa = PBXFileReference; lastKnownFileType = text.plist.xml; path = Info.plist; sourceTree = "<group>"; };
/* End PBXFileReference section */

/* Begin PBXFrameworksBuildPhase section */
		1F783AE82B2FAD9D006D96DB /* Frameworks */ = {
			isa = PBXFrameworksBuildPhase;
			buildActionMask = 2147483647;
			files = (
			);
			runOnlyForDeploymentPostprocessing = 0;
		};
/* End PBXFrameworksBuildPhase section */

/* Begin PBXGroup section */
		1F783AE22B2FAD9D006D96DB = {
			isa = PBXGroup;
			children = (
				1F783AED2B2FAD9D006D96DB /* TodoList2 */,
				1F783AEC2B2FAD9D006D96DB /* Products */,
			);
			sourceTree = "<group>";
		};
		1F783AEC2B2FAD9D006D96DB /* Products */ = {
			isa = PBXGroup;
			children = (
				1F783AEB2B2FAD9D006D96DB /* TodoList2.app */,
			);
			name = Products;
			sourceTree = "<group>";
		};
		1F783AED2B2FAD9D006D96DB /* TodoList2 */ = {
			isa = PBXGroup;
			children = (
				1F783AEE2B2FAD9D006D96DB /* AppDelegate.swift */,
				1F783AF02B2FAD9D006D96DB /* SceneDelegate.swift */,
				1F783AF22B2FAD9D006D96DB /* ViewController.swift */,
				1F783AF42B2FAD9D006D96DB /* Main.storyboard */,
				1F783AFA2B2FADA0006D96DB /* Assets.xcassets */,
				1F783AFC2B2FADA0006D96DB /* LaunchScreen.storyboard */,
				1F783AFF2B2FADA0006D96DB /* Info.plist */,
				1F783AF72B2FAD9D006D96DB /* TodoList2.xcdatamodeld */,
			);
			path = TodoList2;
			sourceTree = "<group>";
		};
/* End PBXGroup section */

/* Begin PBXNativeTarget section */
		1F783AEA2B2FAD9D006D96DB /* TodoList2 */ = {
			isa = PBXNativeTarget;
			buildConfigurationList = 1F783B022B2FADA0006D96DB /* Build configuration list for PBXNativeTarget "TodoList2" */;
			buildPhases = (
				1F783AE72B2FAD9D006D96DB /* Sources */,
				1F783AE82B2FAD9D006D96DB /* Frameworks */,
				1F783AE92B2FAD9D006D96DB /* Resources */,
			);
			buildRules = (
			);
			dependencies = (
			);
			name = TodoList2;
			productName = TodoList2;
			productReference = 1F783AEB2B2FAD9D006D96DB /* TodoList2.app */;
			productType = "com.apple.product-type.application";
		};
/* End PBXNativeTarget section */

/* Begin PBXProject section */
		1F783AE32B2FAD9D006D96DB /* Project object */ = {
			isa = PBXProject;
			attributes = {
				BuildIndependentTargetsInParallel = 1;
				LastSwiftUpdateCheck = 1430;
				LastUpgradeCheck = 1430;
				TargetAttributes = {
					1F783AEA2B2FAD9D006D96DB = {
						CreatedOnToolsVersion = 14.3.1;
					};
				};
			};
			buildConfigurationList = 1F783AE62B2FAD9D006D96DB /* Build configuration list for PBXProject "TodoList2" */;
			compatibilityVersion = "Xcode 14.0";
			developmentRegion = en;
			hasScannedForEncodings = 0;
			knownRegions = (
				en,
				Base,
			);
			mainGroup = 1F783AE22B2FAD9D006D96DB;
			productRefGroup = 1F783AEC2B2FAD9D006D96DB /* Products */;
			projectDirPath = "";
			projectRoot = "";
			targets = (
				1F783AEA2B2FAD9D006D96DB /* TodoList2 */,
			);
		};
/* End PBXProject section */

/* Begin PBXResourcesBuildPhase section */
		1F783AE92B2FAD9D006D96DB /* Resources */ = {
			isa = PBXResourcesBuildPhase;
			buildActionMask = 2147483647;
			files = (
				1F783AFE2B2FADA0006D96DB /* LaunchScreen.storyboard in Resources */,
				1F783AFB2B2FADA0006D96DB /* Assets.xcassets in Resources */,
				1F783AF62B2FAD9D006D96DB /* Main.storyboard in Resources */,
			);
			runOnlyForDeploymentPostprocessing = 0;
		};
/* End PBXResourcesBuildPhase section */

/* Begin PBXSourcesBuildPhase section */
		1F783AE72B2FAD9D006D96DB /* Sources */ = {
			isa = PBXSourcesBuildPhase;
			buildActionMask = 2147483647;
			files = (
				1F783AF32B2FAD9D006D96DB /* ViewController.swift in Sources */,
				1F783AEF2B2FAD9D006D96DB /* AppDelegate.swift in Sources */,
				1F783AF92B2FAD9D006D96DB /* TodoList2.xcdatamodeld in Sources */,
				1F783AF12B2FAD9D006D96DB /* SceneDelegate.swift in Sources */,
			);
			runOnlyForDeploymentPostprocessing = 0;
		};
/* End PBXSourcesBuildPhase section */

/* Begin PBXVariantGroup section */
		1F783AF42B2FAD9D006D96DB /* Main.storyboard */ = {
			isa = PBXVariantGroup;
			children = (
				1F783AF52B2FAD9D006D96DB /* Base */,
			);
			name = Main.storyboard;
			sourceTree = "<group>";
		};
		1F783AFC2B2FADA0006D96DB /* LaunchScreen.storyboard */ = {
			isa = PBXVariantGroup;
			children = (
				1F783AFD2B2FADA0006D96DB /* Base */,
			);
			name = LaunchScreen.storyboard;
			sourceTree = "<group>";
		};
/* End PBXVariantGroup section */

/* Begin XCBuildConfiguration section */
		1F783B002B2FADA0006D96DB /* Debug */ = {
			isa = XCBuildConfiguration;
			buildSettings = {
				ALWAYS_SEARCH_USER_PATHS = NO;
				CLANG_ANALYZER_NONNULL = YES;
				CLANG_ANALYZER_NUMBER_OBJECT_CONVERSION = YES_AGGRESSIVE;
				CLANG_CXX_LANGUAGE_STANDARD = "gnu++20";
				CLANG_ENABLE_MODULES = YES;
				CLANG_ENABLE_OBJC_ARC = YES;
				CLANG_ENABLE_OBJC_WEAK = YES;
				CLANG_WARN_BLOCK_CAPTURE_AUTORELEASING = YES;
				CLANG_WARN_BOOL_CONVERSION = YES;
				CLANG_WARN_COMMA = YES;
				CLANG_WARN_CONSTANT_CONVERSION = YES;
				CLANG_WARN_DEPRECATED_OBJC_IMPLEMENTATIONS = YES;
				CLANG_WARN_DIRECT_OBJC_ISA_USAGE = YES_ERROR;
				CLANG_WARN_DOCUMENTATION_COMMENTS = YES;
				CLANG_WARN_EMPTY_BODY = YES;
				CLANG_WARN_ENUM_CONVERSION = YES;
				CLANG_WARN_INFINITE_RECURSION = YES;
				CLANG_WARN_INT_CONVERSION = YES;
				CLANG_WARN_NON_LITERAL_NULL_CONVERSION = YES;
				CLANG_WARN_OBJC_IMPLICIT_RETAIN_SELF = YES;
				CLANG_WARN_OBJC_LITERAL_CONVERSION = YES;
				CLANG_WARN_OBJC_ROOT_CLASS = YES_ERROR;
				CLANG_WARN_QUOTED_INCLUDE_IN_FRAMEWORK_HEADER = YES;
				CLANG_WARN_RANGE_LOOP_ANALYSIS = YES;
				CLANG_WARN_STRICT_PROTOTYPES = YES;
				CLANG_WARN_SUSPICIOUS_MOVE = YES;
				CLANG_WARN_UNGUARDED_AVAILABILITY = YES_AGGRESSIVE;
				CLANG_WARN_UNREACHABLE_CODE = YES;
				CLANG_WARN__DUPLICATE_METHOD_MATCH = YES;
				COPY_PHASE_STRIP = NO;
				DEBUG_INFORMATION_FORMAT = dwarf;
				ENABLE_STRICT_OBJC_MSGSEND = YES;
				ENABLE_TESTABILITY = YES;
				GCC_C_LANGUAGE_STANDARD = gnu11;
				GCC_DYNAMIC_NO_PIC = NO;
				GCC_NO_COMMON_BLOCKS = YES;
				GCC_OPTIMIZATION_LEVEL = 0;
				GCC_PREPROCESSOR_DEFINITIONS = (
					"DEBUG=1",
					"$(inherited)",
				);
				GCC_WARN_64_TO_32_BIT_CONVERSION = YES;
				GCC_WARN_ABOUT_RETURN_TYPE = YES_ERROR;
				GCC_WARN_UNDECLARED_SELECTOR = YES;
				GCC_WARN_UNINITIALIZED_AUTOS = YES_AGGRESSIVE;
				GCC_WARN_UNUSED_FUNCTION = YES;
				GCC_WARN_UNUSED_VARIABLE = YES;
				IPHONEOS_DEPLOYMENT_TARGET = 16.4;
				MTL_ENABLE_DEBUG_INFO = INCLUDE_SOURCE;
				MTL_FAST_MATH = YES;
				ONLY_ACTIVE_ARCH = YES;
				SDKROOT = iphoneos;
				SWIFT_ACTIVE_COMPILATION_CONDITIONS = DEBUG;
				SWIFT_OPTIMIZATION_LEVEL = "-Onone";
			};
			name = Debug;
		};
		1F783B012B2FADA0006D96DB /* Release */ = {
			isa = XCBuildConfiguration;
			buildSettings = {
				ALWAYS_SEARCH_USER_PATHS = NO;
				CLANG_ANALYZER_NONNULL = YES;
				CLANG_ANALYZER_NUMBER_OBJECT_CONVERSION = YES_AGGRESSIVE;
				CLANG_CXX_LANGUAGE_STANDARD = "gnu++20";
				CLANG_ENABLE_MODULES = YES;
				CLANG_ENABLE_OBJC_ARC = YES;
				CLANG_ENABLE_OBJC_WEAK = YES;
				CLANG_WARN_BLOCK_CAPTURE_AUTORELEASING = YES;
				CLANG_WARN_BOOL_CONVERSION = YES;
				CLANG_WARN_COMMA = YES;
				CLANG_WARN_CONSTANT_CONVERSION = YES;
				CLANG_WARN_DEPRECATED_OBJC_IMPLEMENTATIONS = YES;
				CLANG_WARN_DIRECT_OBJC_ISA_USAGE = YES_ERROR;
				CLANG_WARN_DOCUMENTATION_COMMENTS = YES;
				CLANG_WARN_EMPTY_BODY = YES;
				CLANG_WARN_ENUM_CONVERSION = YES;
				CLANG_WARN_INFINITE_RECURSION = YES;
				CLANG_WARN_INT_CONVERSION = YES;
				CLANG_WARN_NON_LITERAL_NULL_CONVERSION = YES;
				CLANG_WARN_OBJC_IMPLICIT_RETAIN_SELF = YES;
				CLANG_WARN_OBJC_LITERAL_CONVERSION = YES;
				CLANG_WARN_OBJC_ROOT_CLASS = YES_ERROR;
				CLANG_WARN_QUOTED_INCLUDE_IN_FRAMEWORK_HEADER = YES;
				CLANG_WARN_RANGE_LOOP_ANALYSIS = YES;
				CLANG_WARN_STRICT_PROTOTYPES = YES;
				CLANG_WARN_SUSPICIOUS_MOVE = YES;
				CLANG_WARN_UNGUARDED_AVAILABILITY = YES_AGGRESSIVE;
				CLANG_WARN_UNREACHABLE_CODE = YES;
				CLANG_WARN__DUPLICATE_METHOD_MATCH = YES;
				COPY_PHASE_STRIP = NO;
				DEBUG_INFORMATION_FORMAT = "dwarf-with-dsym";
				ENABLE_NS_ASSERTIONS = NO;
				ENABLE_STRICT_OBJC_MSGSEND = YES;
				GCC_C_LANGUAGE_STANDARD = gnu11;
				GCC_NO_COMMON_BLOCKS = YES;
				GCC_WARN_64_TO_32_BIT_CONVERSION = YES;
				GCC_WARN_ABOUT_RETURN_TYPE = YES_ERROR;
				GCC_WARN_UNDECLARED_SELECTOR = YES;
				GCC_WARN_UNINITIALIZED_AUTOS = YES_AGGRESSIVE;
				GCC_WARN_UNUSED_FUNCTION = YES;
				GCC_WARN_UNUSED_VARIABLE = YES;
				IPHONEOS_DEPLOYMENT_TARGET = 16.4;
				MTL_ENABLE_DEBUG_INFO = NO;
				MTL_FAST_MATH = YES;
				SDKROOT = iphoneos;
				SWIFT_COMPILATION_MODE = wholemodule;
				SWIFT_OPTIMIZATION_LEVEL = "-O";
				VALIDATE_PRODUCT = YES;
			};
			name = Release;
		};
		1F783B032B2FADA0006D96DB /* Debug */ = {
			isa = XCBuildConfiguration;
			buildSettings = {
				ASSETCATALOG_COMPILER_APPICON_NAME = AppIcon;
				ASSETCATALOG_COMPILER_GLOBAL_ACCENT_COLOR_NAME = AccentColor;
				CODE_SIGN_STYLE = Automatic;
				CURRENT_PROJECT_VERSION = 1;
				DEVELOPMENT_TEAM = P6G73GV97C;
				GENERATE_INFOPLIST_FILE = YES;
				INFOPLIST_FILE = TodoList2/Info.plist;
				INFOPLIST_KEY_UIApplicationSupportsIndirectInputEvents = YES;
				INFOPLIST_KEY_UILaunchStoryboardName = LaunchScreen;
				INFOPLIST_KEY_UIMainStoryboardFile = Main;
				INFOPLIST_KEY_UISupportedInterfaceOrientations_iPad = "UIInterfaceOrientationPortrait UIInterfaceOrientationPortraitUpsideDown UIInterfaceOrientationLandscapeLeft UIInterfaceOrientationLandscapeRight";
				INFOPLIST_KEY_UISupportedInterfaceOrientations_iPhone = "UIInterfaceOrientationPortrait UIInterfaceOrientationLandscapeLeft UIInterfaceOrientationLandscapeRight";
				LD_RUNPATH_SEARCH_PATHS = (
					"$(inherited)",
					"@executable_path/Frameworks",
				);
				MARKETING_VERSION = 1.0;
				PRODUCT_BUNDLE_IDENTIFIER = "Josh-Date.TodoList2";
				PRODUCT_NAME = "$(TARGET_NAME)";
				SWIFT_EMIT_LOC_STRINGS = YES;
				SWIFT_VERSION = 5.0;
				TARGETED_DEVICE_FAMILY = "1,2";
			};
			name = Debug;
		};
		1F783B042B2FADA0006D96DB /* Release */ = {
			isa = XCBuildConfiguration;
			buildSettings = {
				ASSETCATALOG_COMPILER_APPICON_NAME = AppIcon;
				ASSETCATALOG_COMPILER_GLOBAL_ACCENT_COLOR_NAME = AccentColor;
				CODE_SIGN_STYLE = Automatic;
				CURRENT_PROJECT_VERSION = 1;
				DEVELOPMENT_TEAM = P6G73GV97C;
				GENERATE_INFOPLIST_FILE = YES;
				INFOPLIST_FILE = TodoList2/Info.plist;
				INFOPLIST_KEY_UIApplicationSupportsIndirectInputEvents = YES;
				INFOPLIST_KEY_UILaunchStoryboardName = LaunchScreen;
				INFOPLIST_KEY_UIMainStoryboardFile = Main;
				INFOPLIST_KEY_UISupportedInterfaceOrientations_iPad = "UIInterfaceOrientationPortrait UIInterfaceOrientationPortraitUpsideDown UIInterfaceOrientationLandscapeLeft UIInterfaceOrientationLandscapeRight";
				INFOPLIST_KEY_UISupportedInterfaceOrientations_iPhone = "UIInterfaceOrientationPortrait UIInterfaceOrientationLandscapeLeft UIInterfaceOrientationLandscapeRight";
				LD_RUNPATH_SEARCH_PATHS = (
					"$(inherited)",
					"@executable_path/Frameworks",
				);
				MARKETING_VERSION = 1.0;
				PRODUCT_BUNDLE_IDENTIFIER = "Josh-Date.TodoList2";
				PRODUCT_NAME = "$(TARGET_NAME)";
				SWIFT_EMIT_LOC_STRINGS = YES;
				SWIFT_VERSION = 5.0;
				TARGETED_DEVICE_FAMILY = "1,2";
			};
			name = Release;
		};
/* End XCBuildConfiguration section */

/* Begin XCConfigurationList section */
		1F783AE62B2FAD9D006D96DB /* Build configuration list for PBXProject "TodoList2" */ = {
			isa = XCConfigurationList;
			buildConfigurations = (
				1F783B002B2FADA0006D96DB /* Debug */,
				1F783B012B2FADA0006D96DB /* Release */,
			);
			defaultConfigurationIsVisible = 0;
			defaultConfigurationName = Release;
		};
		1F783B022B2FADA0006D96DB /* Build configuration list for PBXNativeTarget "TodoList2" */ = {
			isa = XCConfigurationList;
			buildConfigurations = (
				1F783B032B2FADA0006D96DB /* Debug */,
				1F783B042B2FADA0006D96DB /* Release */,
			);
			defaultConfigurationIsVisible = 0;
			defaultConfigurationName = Release;
		};
/* End XCConfigurationList section */

/* Begin XCVersionGroup section */
		1F783AF72B2FAD9D006D96DB /* TodoList2.xcdatamodeld */ = {
			isa = XCVersionGroup;
			children = (
				1F783AF82B2FAD9D006D96DB /* TodoList2.xcdatamodel */,
			);
			currentVersion = 1F783AF82B2FAD9D006D96DB /* TodoList2.xcdatamodel */;
			path = TodoList2.xcdatamodeld;
			sourceTree = "<group>";
			versionGroupType = wrapper.xcdatamodel;
		};
/* End XCVersionGroup section */
	};
	rootObject = 1F783AE32B2FAD9D006D96DB /* Project object */;
}
